
Microsoft Visual Studio Solution File, Format Version 12.00
# Visual Studio 14
VisualStudioVersion = 14.0.25420.1
MinimumVisualStudioVersion = 10.0.40219.1
Project("{FAE04EC0-301F-11D3-BF4B-00C04F79EFBC}") = "WorkSchedule.System", "WorkSchedule.System\WorkSchedule.System.csproj", "{22A66F7A-6471-4FE6-8C31-F67C4868F195}"
EndProject
Project("{FAE04EC0-301F-11D3-BF4B-00C04F79EFBC}") = "WorkSchedule.Data", "WorkSchedule.Data\WorkSchedule.Data.csproj", "{630AC67B-D956-44D9-BAE8-58518AEC2069}"
EndProject
Project("{E24C65DC-7377-472B-9ABA-BC803B73C61A}") = "WSWebsite", "WSWebsite\", "{AAAF130A-4598-4054-BD77-95ED8D26D5B6}"
	ProjectSection(WebsiteProperties) = preProject
		TargetFrameworkMoniker = ".NETFramework,Version%3Dv4.5.2"
		ProjectReferences = "{630ac67b-d956-44d9-bae8-58518aec2069}|WorkSchedule.Data.dll;{22a66f7a-6471-4fe6-8c31-f67c4868f195}|WorkSchedule.System.dll;"
		Debug.AspNetCompiler.VirtualPath = "/localhost_51559"
		Debug.AspNetCompiler.PhysicalPath = "WSWebsite\"
		Debug.AspNetCompiler.TargetPath = "PrecompiledWeb\localhost_51559\"
		Debug.AspNetCompiler.Updateable = "true"
		Debug.AspNetCompiler.ForceOverwrite = "true"
		Debug.AspNetCompiler.FixedNames = "false"
		Debug.AspNetCompiler.Debug = "True"
		Release.AspNetCompiler.VirtualPath = "/localhost_51559"
		Release.AspNetCompiler.PhysicalPath = "WSWebsite\"
		Release.AspNetCompiler.TargetPath = "PrecompiledWeb\localhost_51559\"
		Release.AspNetCompiler.Updateable = "true"
		Release.AspNetCompiler.ForceOverwrite = "true"
		Release.AspNetCompiler.FixedNames = "false"
		Release.AspNetCompiler.Debug = "False"
		VWDPort = "51559"
		SlnRelativePath = "WSWebsite\"
		DefaultWebSiteLanguage = "Visual C#"
	EndProjectSection
EndProject
Global
	GlobalSection(SolutionConfigurationPlatforms) = preSolution
		Debug|Any CPU = Debug|Any CPU
		Release|Any CPU = Release|Any CPU
	EndGlobalSection
	GlobalSection(ProjectConfigurationPlatforms) = postSolution
		{22A66F7A-6471-4FE6-8C31-F67C4868F195}.Debug|Any CPU.ActiveCfg = Debug|Any CPU
		{22A66F7A-6471-4FE6-8C31-F67C4868F195}.Debug|Any CPU.Build.0 = Debug|Any CPU
		{22A66F7A-6471-4FE6-8C31-F67C4868F195}.Release|Any CPU.ActiveCfg = Release|Any CPU
		{22A66F7A-6471-4FE6-8C31-F67C4868F195}.Release|Any CPU.Build.0 = Release|Any CPU
		{630AC67B-D956-44D9-BAE8-58518AEC2069}.Debug|Any CPU.ActiveCfg = Debug|Any CPU
		{630AC67B-D956-44D9-BAE8-58518AEC2069}.Debug|Any CPU.Build.0 = Debug|Any CPU
		{630AC67B-D956-44D9-BAE8-58518AEC2069}.Release|Any CPU.ActiveCfg = Release|Any CPU
		{630AC67B-D956-44D9-BAE8-58518AEC2069}.Release|Any CPU.Build.0 = Release|Any CPU
		{AAAF130A-4598-4054-BD77-95ED8D26D5B6}.Debug|Any CPU.ActiveCfg = Debug|Any CPU
		{AAAF130A-4598-4054-BD77-95ED8D26D5B6}.Debug|Any CPU.Build.0 = Debug|Any CPU
		{AAAF130A-4598-4054-BD77-95ED8D26D5B6}.Release|Any CPU.ActiveCfg = Debug|Any CPU
		{AAAF130A-4598-4054-BD77-95ED8D26D5B6}.Release|Any CPU.Build.0 = Debug|Any CPU
	EndGlobalSection
	GlobalSection(SolutionProperties) = preSolution
		HideSolutionNode = FALSE
	EndGlobalSection
EndGlobal
